// !$*UTF8*$!
{
	archiveVersion = 1;
	classes = {
	};
	objectVersion = 77;
	objects = {

/* Begin PBXBuildFile section */
		01EC519395A673990147CC8D /* HomeView.swift in Sources */ = {isa = PBXBuildFile; fileRef = 23F830518F65B36EDE46BCBD /* HomeView.swift */; };
		0BA74C55D8234A0C4E9AC818 /* PairingService.swift in Sources */ = {isa = PBXBuildFile; fileRef = 686D54E3D0EF6CF748C70369 /* PairingService.swift */; };
		0C5C3D8A0197A41AE93D938A /* HomeViewModel.swift in Sources */ = {isa = PBXBuildFile; fileRef = BEFFA4B5753C4E0C1EC8C7F7 /* HomeViewModel.swift */; };
		0D1F23DBED21A9B7F0A0092B /* ShareViewController.swift in Sources */ = {isa = PBXBuildFile; fileRef = 6BBC75D0913F8ECDC9D1A764 /* ShareViewController.swift */; };
		13CEB2C838AA977D20A160C9 /* SharedConstants.swift in Sources */ = {isa = PBXBuildFile; fileRef = 97937D3B91D2A182F53CB604 /* SharedConstants.swift */; };
		23B96F1D620D5446E65CEA90 /* PairingService.swift in Sources */ = {isa = PBXBuildFile; fileRef = 686D54E3D0EF6CF748C70369 /* PairingService.swift */; };
		2F091CB562249C8AFB3CA02C /* MemoryRowView.swift in Sources */ = {isa = PBXBuildFile; fileRef = 829B6F89C5F72083CAB5359B /* MemoryRowView.swift */; };
		49CB3E1275CD26A5D42C9566 /* ShareView.swift in Sources */ = {isa = PBXBuildFile; fileRef = 904F42AC0199728573CDC799 /* ShareView.swift */; };
		4DCD4706F9772CC9FD5ADD11 /* SettingsViewModel.swift in Sources */ = {isa = PBXBuildFile; fileRef = 6836DBE13F0DB3485A74E6A9 /* SettingsViewModel.swift */; };
		4E46AA062C8159CE17C20F8C /* Memory.swift in Sources */ = {isa = PBXBuildFile; fileRef = 7DB04E6AB79BDC51954A69DB /* Memory.swift */; };
		52FD9E39B840CCF15AE518FD /* ShareViewModel.swift in Sources */ = {isa = PBXBuildFile; fileRef = 09ADC9A85AE66924BFB34620 /* ShareViewModel.swift */; };
		667414B46BB82AF1058E51D6 /* RecallTheme.swift in Sources */ = {isa = PBXBuildFile; fileRef = F3A6128669F882476A1BDD7B /* RecallTheme.swift */; };
		75F80FCD72B2B5C2B6B94131 /* SettingsView.swift in Sources */ = {isa = PBXBuildFile; fileRef = A45AAA4CB6644EA1EF9014A7 /* SettingsView.swift */; };
		7B0853AB90447466764506B1 /* KeychainService.swift in Sources */ = {isa = PBXBuildFile; fileRef = B28B551FE66260F266614287 /* KeychainService.swift */; };
		7DC224955E1687D2083D373D /* RecallShareExtension.appex in Embed Foundation Extensions */ = {isa = PBXBuildFile; fileRef = DC09825E2324CB112185C038 /* RecallShareExtension.appex */; settings = {ATTRIBUTES = (RemoveHeadersOnCopy, ); }; };
		824F86944A6EF153D22333D9 /* QRScannerView.swift in Sources */ = {isa = PBXBuildFile; fileRef = 37821081B6729B5A15E6A109 /* QRScannerView.swift */; };
		82F3189C9E4208DBFACC1C99 /* PairingConfig.swift in Sources */ = {isa = PBXBuildFile; fileRef = 8CADE040F49CF0CFB3676988 /* PairingConfig.swift */; };
		83E700800AE964F809704CE4 /* MemoryStore.swift in Sources */ = {isa = PBXBuildFile; fileRef = 56AC30BED25CBA4349690378 /* MemoryStore.swift */; };
		8FEDBF57F09AAB579E06E25B /* MemoryStore.swift in Sources */ = {isa = PBXBuildFile; fileRef = 56AC30BED25CBA4349690378 /* MemoryStore.swift */; };
		93402E03A1C8D74739E8B6BD /* PairingConfig.swift in Sources */ = {isa = PBXBuildFile; fileRef = 8CADE040F49CF0CFB3676988 /* PairingConfig.swift */; };
		94B5C99B6C518EEDD0BC0E8F /* SyncService.swift in Sources */ = {isa = PBXBuildFile; fileRef = 21F66C42856997041A25F58E /* SyncService.swift */; };
		9660A7CEA45F3ADC68F519BB /* MemoryDetailView.swift in Sources */ = {isa = PBXBuildFile; fileRef = 6EA7B1638D041B85203AB567 /* MemoryDetailView.swift */; };
		A9C3BF8D0F489FCC678697E7 /* Memory.swift in Sources */ = {isa = PBXBuildFile; fileRef = 7DB04E6AB79BDC51954A69DB /* Memory.swift */; };
		BAA10D066C94E7388F660A23 /* RecallApp.swift in Sources */ = {isa = PBXBuildFile; fileRef = E55FB9A4BE83E6136E1CEBB3 /* RecallApp.swift */; };
		BC4F0E32C6B466C676DBFD43 /* SharedConstants.swift in Sources */ = {isa = PBXBuildFile; fileRef = 97937D3B91D2A182F53CB604 /* SharedConstants.swift */; };
		BF2DAE2C7A9EC10B9C4BC200 /* SearchBarView.swift in Sources */ = {isa = PBXBuildFile; fileRef = CAED7F5AE80504E390ECC8A8 /* SearchBarView.swift */; };
		C7F040F0BFC228731F54CC5C /* PairingView.swift in Sources */ = {isa = PBXBuildFile; fileRef = 1C3A083B3BE37612993B2793 /* PairingView.swift */; };
		CC01279FF85193128A455E44 /* LibraryView.swift in Sources */ = {isa = PBXBuildFile; fileRef = FB52554C11C8631668D837C0 /* LibraryView.swift */; };
		CF857F25722E648DD5B9CC09 /* BottomNavView.swift in Sources */ = {isa = PBXBuildFile; fileRef = 99D791F78CFC33B64C1FBC4D /* BottomNavView.swift */; };
		DE5B2378CFF8D29299AA3821 /* RecallTheme.swift in Sources */ = {isa = PBXBuildFile; fileRef = F3A6128669F882476A1BDD7B /* RecallTheme.swift */; };
		ED6340B41D85BD4ACB2DFA40 /* ContentView.swift in Sources */ = {isa = PBXBuildFile; fileRef = CA8CD436F2F3B4CE5DC82E6A /* ContentView.swift */; };
		EEA5B6B4482AE8598CC1359D /* KeychainService.swift in Sources */ = {isa = PBXBuildFile; fileRef = B28B551FE66260F266614287 /* KeychainService.swift */; };
		F1D5A0B5558C7E51F9D89977 /* SyncService.swift in Sources */ = {isa = PBXBuildFile; fileRef = 21F66C42856997041A25F58E /* SyncService.swift */; };
		BB9876543210FEDCBA987654 /* RecallFloatingHeader.swift in Sources */ = {isa = PBXBuildFile; fileRef = AA1234567890ABCDEF012345 /* RecallFloatingHeader.swift */; };
/* End PBXBuildFile section */

/* Begin PBXContainerItemProxy section */
		6C6D482187962B761D117840 /* PBXContainerItemProxy */ = {
			isa = PBXContainerItemProxy;
			containerPortal = 8B2E7D481A738D1E6488DE92 /* Project object */;
			proxyType = 1;
			remoteGlobalIDString = 01486513E275F1C7169C0079;
			remoteInfo = RecallShareExtension;
		};
/* End PBXContainerItemProxy section */

/* Begin PBXCopyFilesBuildPhase section */
		5758ADE604BDC89CEB0CBA87 /* Embed Foundation Extensions */ = {
			isa = PBXCopyFilesBuildPhase;
			buildActionMask = 2147483647;
			dstPath = "";
			dstSubfolderSpec = 13;
			files = (
				7DC224955E1687D2083D373D /* RecallShareExtension.appex in Embed Foundation Extensions */,
			);
			name = "Embed Foundation Extensions";
			runOnlyForDeploymentPostprocessing = 0;
		};
/* End PBXCopyFilesBuildPhase section */

/* Begin PBXFileReference section */
		09ADC9A85AE66924BFB34620 /* ShareViewModel.swift */ = {isa = PBXFileReference; lastKnownFileType = sourcecode.swift; path = ShareViewModel.swift; sourceTree = "<group>"; };
		1C3A083B3BE37612993B2793 /* PairingView.swift */ = {isa = PBXFileReference; lastKnownFileType = sourcecode.swift; path = PairingView.swift; sourceTree = "<group>"; };
		21F66C42856997041A25F58E /* SyncService.swift */ = {isa = PBXFileReference; lastKnownFileType = sourcecode.swift; path = SyncService.swift; sourceTree = "<group>"; };
		23F830518F65B36EDE46BCBD /* HomeView.swift */ = {isa = PBXFileReference; lastKnownFileType = sourcecode.swift; path = HomeView.swift; sourceTree = "<group>"; };
		37821081B6729B5A15E6A109 /* QRScannerView.swift */ = {isa = PBXFileReference; lastKnownFileType = sourcecode.swift; path = QRScannerView.swift; sourceTree = "<group>"; };
		3814F5E7049EB01D4866F2CB /* Info.plist */ = {isa = PBXFileReference; lastKnownFileType = text.plist; path = Info.plist; sourceTree = "<group>"; };
		432DA2DA11D3517276E7953A /* Recall.entitlements */ = {isa = PBXFileReference; lastKnownFileType = text.plist.entitlements; path = Recall.entitlements; sourceTree = "<group>"; };
		56AC30BED25CBA4349690378 /* MemoryStore.swift */ = {isa = PBXFileReference; lastKnownFileType = sourcecode.swift; path = MemoryStore.swift; sourceTree = "<group>"; };
		589D612419DE8AD691D1CD7C /* Recall.app */ = {isa = PBXFileReference; includeInIndex = 0; lastKnownFileType = wrapper.application; path = Recall.app; sourceTree = BUILT_PRODUCTS_DIR; };
		6836DBE13F0DB3485A74E6A9 /* SettingsViewModel.swift */ = {isa = PBXFileReference; lastKnownFileType = sourcecode.swift; path = SettingsViewModel.swift; sourceTree = "<group>"; };
		686D54E3D0EF6CF748C70369 /* PairingService.swift */ = {isa = PBXFileReference; lastKnownFileType = sourcecode.swift; path = PairingService.swift; sourceTree = "<group>"; };
		6BBC75D0913F8ECDC9D1A764 /* ShareViewController.swift */ = {isa = PBXFileReference; lastKnownFileType = sourcecode.swift; path = ShareViewController.swift; sourceTree = "<group>"; };
		6DB164CE204F0F706FF787A7 /* RecallShareExtension.entitlements */ = {isa = PBXFileReference; lastKnownFileType = text.plist.entitlements; path = RecallShareExtension.entitlements; sourceTree = "<group>"; };
		6EA7B1638D041B85203AB567 /* MemoryDetailView.swift */ = {isa = PBXFileReference; lastKnownFileType = sourcecode.swift; path = MemoryDetailView.swift; sourceTree = "<group>"; };
		74C3F026DBF7D3AA14FFAC18 /* Info.plist */ = {isa = PBXFileReference; lastKnownFileType = text.plist; path = Info.plist; sourceTree = "<group>"; };
		7DB04E6AB79BDC51954A69DB /* Memory.swift */ = {isa = PBXFileReference; lastKnownFileType = sourcecode.swift; path = Memory.swift; sourceTree = "<group>"; };
		829B6F89C5F72083CAB5359B /* MemoryRowView.swift */ = {isa = PBXFileReference; lastKnownFileType = sourcecode.swift; path = MemoryRowView.swift; sourceTree = "<group>"; };
		8CADE040F49CF0CFB3676988 /* PairingConfig.swift */ = {isa = PBXFileReference; lastKnownFileType = sourcecode.swift; path = PairingConfig.swift; sourceTree = "<group>"; };
		904F42AC0199728573CDC799 /* ShareView.swift */ = {isa = PBXFileReference; lastKnownFileType = sourcecode.swift; path = ShareView.swift; sourceTree = "<group>"; };
		97937D3B91D2A182F53CB604 /* SharedConstants.swift */ = {isa = PBXFileReference; lastKnownFileType = sourcecode.swift; path = SharedConstants.swift; sourceTree = "<group>"; };
		99D791F78CFC33B64C1FBC4D /* BottomNavView.swift */ = {isa = PBXFileReference; lastKnownFileType = sourcecode.swift; path = BottomNavView.swift; sourceTree = "<group>"; };
		A45AAA4CB6644EA1EF9014A7 /* SettingsView.swift */ = {isa = PBXFileReference; lastKnownFileType = sourcecode.swift; path = SettingsView.swift; sourceTree = "<group>"; };
		B28B551FE66260F266614287 /* KeychainService.swift */ = {isa = PBXFileReference; lastKnownFileType = sourcecode.swift; path = KeychainService.swift; sourceTree = "<group>"; };
		BEFFA4B5753C4E0C1EC8C7F7 /* HomeViewModel.swift */ = {isa = PBXFileReference; lastKnownFileType = sourcecode.swift; path = HomeViewModel.swift; sourceTree = "<group>"; };
		CA8CD436F2F3B4CE5DC82E6A /* ContentView.swift */ = {isa = PBXFileReference; lastKnownFileType = sourcecode.swift; path = ContentView.swift; sourceTree = "<group>"; };
		CAED7F5AE80504E390ECC8A8 /* SearchBarView.swift */ = {isa = PBXFileReference; lastKnownFileType = sourcecode.swift; path = SearchBarView.swift; sourceTree = "<group>"; };
		DC09825E2324CB112185C038 /* RecallShareExtension.appex */ = {isa = PBXFileReference; includeInIndex = 0; lastKnownFileType = "wrapper.app-extension"; path = RecallShareExtension.appex; sourceTree = BUILT_PRODUCTS_DIR; };
		E55FB9A4BE83E6136E1CEBB3 /* RecallApp.swift */ = {isa = PBXFileReference; lastKnownFileType = sourcecode.swift; path = RecallApp.swift; sourceTree = "<group>"; };
		F3A6128669F882476A1BDD7B /* RecallTheme.swift */ = {isa = PBXFileReference; lastKnownFileType = sourcecode.swift; path = RecallTheme.swift; sourceTree = "<group>"; };
		FB52554C11C8631668D837C0 /* LibraryView.swift */ = {isa = PBXFileReference; lastKnownFileType = sourcecode.swift; path = LibraryView.swift; sourceTree = "<group>"; };
		AA1234567890ABCDEF012345 /* RecallFloatingHeader.swift */ = {isa = PBXFileReference; lastKnownFileType = sourcecode.swift; path = RecallFloatingHeader.swift; sourceTree = "<group>"; };
/* End PBXFileReference section */

/* Begin PBXGroup section */
		2398648CEC1DEFD2236E8232 /* Recall */ = {
			isa = PBXGroup;
			children = (
				4EF1349F6C252C17D2920B39 /* DesignSystem */,
				931E898A40959C3ABCD1A721 /* Models */,
				F06A67C43D8ECACC35B2972D /* Persistence */,
				E93D050BB96432754097F70A /* Resources */,
				C27DF03CCE94D0F75BD428D6 /* Services */,
				9584D2D814D73151E9401BAC /* Shared */,
				CA2428CEE9AA2B8DA5C7290D /* ViewModels */,
				6803FD13799FE0A2F295DA2E /* Views */,
				E55FB9A4BE83E6136E1CEBB3 /* RecallApp.swift */,
			);
			path = Recall;
			sourceTree = "<group>";
		};
		4EF1349F6C252C17D2920B39 /* DesignSystem */ = {
			isa = PBXGroup;
			children = (
				F3A6128669F882476A1BDD7B /* RecallTheme.swift */,
			);
			path = DesignSystem;
			sourceTree = "<group>";
		};
		6803FD13799FE0A2F295DA2E /* Views */ = {
			isa = PBXGroup;
			children = (
				99D791F78CFC33B64C1FBC4D /* BottomNavView.swift */,
				CA8CD436F2F3B4CE5DC82E6A /* ContentView.swift */,
				23F830518F65B36EDE46BCBD /* HomeView.swift */,
				FB52554C11C8631668D837C0 /* LibraryView.swift */,
				6EA7B1638D041B85203AB567 /* MemoryDetailView.swift */,
				829B6F89C5F72083CAB5359B /* MemoryRowView.swift */,
				1C3A083B3BE37612993B2793 /* PairingView.swift */,
				37821081B6729B5A15E6A109 /* QRScannerView.swift */,
				AA1234567890ABCDEF012345 /* RecallFloatingHeader.swift */,
				CAED7F5AE80504E390ECC8A8 /* SearchBarView.swift */,
				A45AAA4CB6644EA1EF9014A7 /* SettingsView.swift */,
			);
			path = Views;
			sourceTree = "<group>";
		};
		6D97BBF293B42872C00ADED5 /* RecallShareExtension */ = {
			isa = PBXGroup;
			children = (
				74C3F026DBF7D3AA14FFAC18 /* Info.plist */,
				6DB164CE204F0F706FF787A7 /* RecallShareExtension.entitlements */,
				904F42AC0199728573CDC799 /* ShareView.swift */,
				6BBC75D0913F8ECDC9D1A764 /* ShareViewController.swift */,
				09ADC9A85AE66924BFB34620 /* ShareViewModel.swift */,
			);
			path = RecallShareExtension;
			sourceTree = "<group>";
		};
		8FB9A9AFFDDAA5852104C602 /* Products */ = {
			isa = PBXGroup;
			children = (
				589D612419DE8AD691D1CD7C /* Recall.app */,
				DC09825E2324CB112185C038 /* RecallShareExtension.appex */,
			);
			name = Products;
			sourceTree = "<group>";
		};
		931E898A40959C3ABCD1A721 /* Models */ = {
			isa = PBXGroup;
			children = (
				7DB04E6AB79BDC51954A69DB /* Memory.swift */,
				8CADE040F49CF0CFB3676988 /* PairingConfig.swift */,
			);
			path = Models;
			sourceTree = "<group>";
		};
		9584D2D814D73151E9401BAC /* Shared */ = {
			isa = PBXGroup;
			children = (
				97937D3B91D2A182F53CB604 /* SharedConstants.swift */,
			);
			path = Shared;
			sourceTree = "<group>";
		};
		C27DF03CCE94D0F75BD428D6 /* Services */ = {
			isa = PBXGroup;
			children = (
				B28B551FE66260F266614287 /* KeychainService.swift */,
				686D54E3D0EF6CF748C70369 /* PairingService.swift */,
				21F66C42856997041A25F58E /* SyncService.swift */,
			);
			path = Services;
			sourceTree = "<group>";
		};
		CA2428CEE9AA2B8DA5C7290D /* ViewModels */ = {
			isa = PBXGroup;
			children = (
				BEFFA4B5753C4E0C1EC8C7F7 /* HomeViewModel.swift */,
				6836DBE13F0DB3485A74E6A9 /* SettingsViewModel.swift */,
			);
			path = ViewModels;
			sourceTree = "<group>";
		};
		E3D300D57C7BE46807A96B09 = {
			isa = PBXGroup;
			children = (
				2398648CEC1DEFD2236E8232 /* Recall */,
				6D97BBF293B42872C00ADED5 /* RecallShareExtension */,
				8FB9A9AFFDDAA5852104C602 /* Products */,
			);
			sourceTree = "<group>";
		};
		E93D050BB96432754097F70A /* Resources */ = {
			isa = PBXGroup;
			children = (
				3814F5E7049EB01D4866F2CB /* Info.plist */,
				432DA2DA11D3517276E7953A /* Recall.entitlements */,
			);
			path = Resources;
			sourceTree = "<group>";
		};
		F06A67C43D8ECACC35B2972D /* Persistence */ = {
			isa = PBXGroup;
			children = (
				56AC30BED25CBA4349690378 /* MemoryStore.swift */,
			);
			path = Persistence;
			sourceTree = "<group>";
		};
/* End PBXGroup section */

/* Begin PBXNativeTarget section */
		01486513E275F1C7169C0079 /* RecallShareExtension */ = {
			isa = PBXNativeTarget;
			buildConfigurationList = 64EC99EA4CA7CEC5676A7EFB /* Build configuration list for PBXNativeTarget "RecallShareExtension" */;
			buildPhases = (
				3FC4E0AD04AE450ED9FB1476 /* Sources */,
			);
			buildRules = (
			);
			dependencies = (
			);
			name = RecallShareExtension;
			packageProductDependencies = (
			);
			productName = RecallShareExtension;
			productReference = DC09825E2324CB112185C038 /* RecallShareExtension.appex */;
			productType = "com.apple.product-type.app-extension";
		};
		8A1CA7FAB5EF7FFF7C657008 /* Recall */ = {
			isa = PBXNativeTarget;
			buildConfigurationList = DFC1D6D2A3F8F5D85E1CB54C /* Build configuration list for PBXNativeTarget "Recall" */;
			buildPhases = (
				57F579837BEFDE6CCC541D67 /* Sources */,
				5758ADE604BDC89CEB0CBA87 /* Embed Foundation Extensions */,
			);
			buildRules = (
			);
			dependencies = (
				17FEF878313F23559B7DB47B /* PBXTargetDependency */,
			);
			name = Recall;
			packageProductDependencies = (
			);
			productName = Recall;
			productReference = 589D612419DE8AD691D1CD7C /* Recall.app */;
			productType = "com.apple.product-type.application";
		};
/* End PBXNativeTarget section */

/* Begin PBXProject section */
		8B2E7D481A738D1E6488DE92 /* Project object */ = {
			isa = PBXProject;
			attributes = {
				BuildIndependentTargetsInParallel = YES;
				LastUpgradeCheck = 1500;
				TargetAttributes = {
				};
			};
			buildConfigurationList = F160EB2FBD6BB340B9EC6B11 /* Build configuration list for PBXProject "Recall" */;
			developmentRegion = en;
			hasScannedForEncodings = 0;
			knownRegions = (
				Base,
				en,
			);
			mainGroup = E3D300D57C7BE46807A96B09;
			minimizedProjectReferenceProxies = 1;
			preferredProjectObjectVersion = 77;
			productRefGroup = 8FB9A9AFFDDAA5852104C602 /* Products */;
			projectDirPath = "";
			projectRoot = "";
			targets = (
				8A1CA7FAB5EF7FFF7C657008 /* Recall */,
				01486513E275F1C7169C0079 /* RecallShareExtension */,
			);
		};
/* End PBXProject section */

/* Begin PBXSourcesBuildPhase section */
		3FC4E0AD04AE450ED9FB1476 /* Sources */ = {
			isa = PBXSourcesBuildPhase;
			buildActionMask = 2147483647;
			files = (
				7B0853AB90447466764506B1 /* KeychainService.swift in Sources */,
				4E46AA062C8159CE17C20F8C /* Memory.swift in Sources */,
				83E700800AE964F809704CE4 /* MemoryStore.swift in Sources */,
				82F3189C9E4208DBFACC1C99 /* PairingConfig.swift in Sources */,
				0BA74C55D8234A0C4E9AC818 /* PairingService.swift in Sources */,
				DE5B2378CFF8D29299AA3821 /* RecallTheme.swift in Sources */,
				49CB3E1275CD26A5D42C9566 /* ShareView.swift in Sources */,
				0D1F23DBED21A9B7F0A0092B /* ShareViewController.swift in Sources */,
				52FD9E39B840CCF15AE518FD /* ShareViewModel.swift in Sources */,
				BC4F0E32C6B466C676DBFD43 /* SharedConstants.swift in Sources */,
				F1D5A0B5558C7E51F9D89977 /* SyncService.swift in Sources */,
			);
			runOnlyForDeploymentPostprocessing = 0;
		};
		57F579837BEFDE6CCC541D67 /* Sources */ = {
			isa = PBXSourcesBuildPhase;
			buildActionMask = 2147483647;
			files = (
				CF857F25722E648DD5B9CC09 /* BottomNavView.swift in Sources */,
				ED6340B41D85BD4ACB2DFA40 /* ContentView.swift in Sources */,
				01EC519395A673990147CC8D /* HomeView.swift in Sources */,
				0C5C3D8A0197A41AE93D938A /* HomeViewModel.swift in Sources */,
				EEA5B6B4482AE8598CC1359D /* KeychainService.swift in Sources */,
				CC01279FF85193128A455E44 /* LibraryView.swift in Sources */,
				A9C3BF8D0F489FCC678697E7 /* Memory.swift in Sources */,
				9660A7CEA45F3ADC68F519BB /* MemoryDetailView.swift in Sources */,
				2F091CB562249C8AFB3CA02C /* MemoryRowView.swift in Sources */,
				8FEDBF57F09AAB579E06E25B /* MemoryStore.swift in Sources */,
				93402E03A1C8D74739E8B6BD /* PairingConfig.swift in Sources */,
				23B96F1D620D5446E65CEA90 /* PairingService.swift in Sources */,
				C7F040F0BFC228731F54CC5C /* PairingView.swift in Sources */,
				824F86944A6EF153D22333D9 /* QRScannerView.swift in Sources */,
				BAA10D066C94E7388F660A23 /* RecallApp.swift in Sources */,
				BB9876543210FEDCBA987654 /* RecallFloatingHeader.swift in Sources */,
				667414B46BB82AF1058E51D6 /* RecallTheme.swift in Sources */,
				BF2DAE2C7A9EC10B9C4BC200 /* SearchBarView.swift in Sources */,
				75F80FCD72B2B5C2B6B94131 /* SettingsView.swift in Sources */,
				4DCD4706F9772CC9FD5ADD11 /* SettingsViewModel.swift in Sources */,
				13CEB2C838AA977D20A160C9 /* SharedConstants.swift in Sources */,
				94B5C99B6C518EEDD0BC0E8F /* SyncService.swift in Sources */,
			);
			runOnlyForDeploymentPostprocessing = 0;
		};
/* End PBXSourcesBuildPhase section */

/* Begin PBXTargetDependency section */
		17FEF878313F23559B7DB47B /* PBXTargetDependency */ = {
			isa = PBXTargetDependency;
			target = 01486513E275F1C7169C0079 /* RecallShareExtension */;
			targetProxy = 6C6D482187962B761D117840 /* PBXContainerItemProxy */;
		};
/* End PBXTargetDependency section */

/* Begin XCBuildConfiguration section */
		50EE816F8B56BA3E798BB785 /* Debug */ = {
			isa = XCBuildConfiguration;
			buildSettings = {
				APPLICATION_EXTENSION_API_ONLY = YES;
				CODE_SIGN_ENTITLEMENTS = RecallShareExtension/RecallShareExtension.entitlements;
				INFOPLIST_FILE = RecallShareExtension/Info.plist;
				LD_RUNPATH_SEARCH_PATHS = (
					"$(inherited)",
					"@executable_path/Frameworks",
					"@executable_path/../../Frameworks",
				);
				PRODUCT_BUNDLE_IDENTIFIER = com.recall.app.share;
				SDKROOT = iphoneos;
				SWIFT_ACTIVE_COMPILATION_CONDITIONS = DEBUG;
				SWIFT_OPTIMIZATION_LEVEL = "-Onone";
				TARGETED_DEVICE_FAMILY = 1;
			};
			name = Debug;
		};
		5C05BE411EE81AC9652F9F93 /* Release */ = {
			isa = XCBuildConfiguration;
			buildSettings = {
				ALWAYS_SEARCH_USER_PATHS = NO;
				CLANG_ANALYZER_NONNULL = YES;
				CLANG_ANALYZER_NUMBER_OBJECT_CONVERSION = YES_AGGRESSIVE;
				CLANG_CXX_LANGUAGE_STANDARD = "gnu++14";
				CLANG_CXX_LIBRARY = "libc++";
				CLANG_ENABLE_MODULES = YES;
				CLANG_ENABLE_OBJC_ARC = YES;
				CLANG_ENABLE_OBJC_WEAK = YES;
				CLANG_WARN_BLOCK_CAPTURE_AUTORELEASING = YES;
				CLANG_WARN_BOOL_CONVERSION = YES;
				CLANG_WARN_COMMA = YES;
				CLANG_WARN_CONSTANT_CONVERSION = YES;
				CLANG_WARN_DEPRECATED_OBJC_IMPLEMENTATIONS = YES;
				CLANG_WARN_DIRECT_OBJC_ISA_USAGE = YES_ERROR;
				CLANG_WARN_DOCUMENTATION_COMMENTS = YES;
				CLANG_WARN_EMPTY_BODY = YES;
				CLANG_WARN_ENUM_CONVERSION = YES;
				CLANG_WARN_INFINITE_RECURSION = YES;
				CLANG_WARN_INT_CONVERSION = YES;
				CLANG_WARN_NON_LITERAL_NULL_CONVERSION = YES;
				CLANG_WARN_OBJC_IMPLICIT_RETAIN_SELF = YES;
				CLANG_WARN_OBJC_LITERAL_CONVERSION = YES;
				CLANG_WARN_OBJC_ROOT_CLASS = YES_ERROR;
				CLANG_WARN_QUOTED_INCLUDE_IN_FRAMEWORK_HEADER = YES;
				CLANG_WARN_RANGE_LOOP_ANALYSIS = YES;
				CLANG_WARN_STRICT_PROTOTYPES = YES;
				CLANG_WARN_SUSPICIOUS_MOVE = YES;
				CLANG_WARN_UNGUARDED_AVAILABILITY = YES_AGGRESSIVE;
				CLANG_WARN_UNREACHABLE_CODE = YES;
				CLANG_WARN__DUPLICATE_METHOD_MATCH = YES;
				COPY_PHASE_STRIP = NO;
				DEBUG_INFORMATION_FORMAT = "dwarf-with-dsym";
				ENABLE_BITCODE = NO;
				ENABLE_NS_ASSERTIONS = NO;
				ENABLE_STRICT_OBJC_MSGSEND = YES;
				GCC_C_LANGUAGE_STANDARD = gnu11;
				GCC_NO_COMMON_BLOCKS = YES;
				GCC_WARN_64_TO_32_BIT_CONVERSION = YES;
				GCC_WARN_ABOUT_RETURN_TYPE = YES_ERROR;
				GCC_WARN_UNDECLARED_SELECTOR = YES;
				GCC_WARN_UNINITIALIZED_AUTOS = YES_AGGRESSIVE;
				GCC_WARN_UNUSED_FUNCTION = YES;
				GCC_WARN_UNUSED_VARIABLE = YES;
				IPHONEOS_DEPLOYMENT_TARGET = 17.0;
				MTL_ENABLE_DEBUG_INFO = NO;
				MTL_FAST_MATH = YES;
				PRODUCT_NAME = "$(TARGET_NAME)";
				SDKROOT = iphoneos;
				SWIFT_COMPILATION_MODE = wholemodule;
				SWIFT_OPTIMIZATION_LEVEL = "-O";
				SWIFT_STRICT_CONCURRENCY = complete;
				SWIFT_VERSION = 5.9;
			};
			name = Release;
		};
		6581C2D0C73D87341BEA84E5 /* Debug */ = {
			isa = XCBuildConfiguration;
			buildSettings = {
				ALWAYS_SEARCH_USER_PATHS = NO;
				CLANG_ANALYZER_NONNULL = YES;
				CLANG_ANALYZER_NUMBER_OBJECT_CONVERSION = YES_AGGRESSIVE;
				CLANG_CXX_LANGUAGE_STANDARD = "gnu++14";
				CLANG_CXX_LIBRARY = "libc++";
				CLANG_ENABLE_MODULES = YES;
				CLANG_ENABLE_OBJC_ARC = YES;
				CLANG_ENABLE_OBJC_WEAK = YES;
				CLANG_WARN_BLOCK_CAPTURE_AUTORELEASING = YES;
				CLANG_WARN_BOOL_CONVERSION = YES;
				CLANG_WARN_COMMA = YES;
				CLANG_WARN_CONSTANT_CONVERSION = YES;
				CLANG_WARN_DEPRECATED_OBJC_IMPLEMENTATIONS = YES;
				CLANG_WARN_DIRECT_OBJC_ISA_USAGE = YES_ERROR;
				CLANG_WARN_DOCUMENTATION_COMMENTS = YES;
				CLANG_WARN_EMPTY_BODY = YES;
				CLANG_WARN_ENUM_CONVERSION = YES;
				CLANG_WARN_INFINITE_RECURSION = YES;
				CLANG_WARN_INT_CONVERSION = YES;
				CLANG_WARN_NON_LITERAL_NULL_CONVERSION = YES;
				CLANG_WARN_OBJC_IMPLICIT_RETAIN_SELF = YES;
				CLANG_WARN_OBJC_LITERAL_CONVERSION = YES;
				CLANG_WARN_OBJC_ROOT_CLASS = YES_ERROR;
				CLANG_WARN_QUOTED_INCLUDE_IN_FRAMEWORK_HEADER = YES;
				CLANG_WARN_RANGE_LOOP_ANALYSIS = YES;
				CLANG_WARN_STRICT_PROTOTYPES = YES;
				CLANG_WARN_SUSPICIOUS_MOVE = YES;
				CLANG_WARN_UNGUARDED_AVAILABILITY = YES_AGGRESSIVE;
				CLANG_WARN_UNREACHABLE_CODE = YES;
				CLANG_WARN__DUPLICATE_METHOD_MATCH = YES;
				COPY_PHASE_STRIP = NO;
				DEBUG_INFORMATION_FORMAT = "dwarf-with-dsym";
				ENABLE_BITCODE = NO;
				ENABLE_STRICT_OBJC_MSGSEND = YES;
				ENABLE_TESTABILITY = YES;
				GCC_C_LANGUAGE_STANDARD = gnu11;
				GCC_DYNAMIC_NO_PIC = NO;
				GCC_NO_COMMON_BLOCKS = YES;
				GCC_OPTIMIZATION_LEVEL = 0;
				GCC_PREPROCESSOR_DEFINITIONS = (
					"$(inherited)",
					"DEBUG=1",
				);
				GCC_WARN_64_TO_32_BIT_CONVERSION = YES;
				GCC_WARN_ABOUT_RETURN_TYPE = YES_ERROR;
				GCC_WARN_UNDECLARED_SELECTOR = YES;
				GCC_WARN_UNINITIALIZED_AUTOS = YES_AGGRESSIVE;
				GCC_WARN_UNUSED_FUNCTION = YES;
				GCC_WARN_UNUSED_VARIABLE = YES;
				IPHONEOS_DEPLOYMENT_TARGET = 17.0;
				MTL_ENABLE_DEBUG_INFO = INCLUDE_SOURCE;
				MTL_FAST_MATH = YES;
				ONLY_ACTIVE_ARCH = YES;
				PRODUCT_NAME = "$(TARGET_NAME)";
				SDKROOT = iphoneos;
				SWIFT_ACTIVE_COMPILATION_CONDITIONS = DEBUG;
				SWIFT_OPTIMIZATION_LEVEL = "-Onone";
				SWIFT_STRICT_CONCURRENCY = complete;
				SWIFT_VERSION = 5.9;
			};
			name = Debug;
		};
		E84E3AC8F2FFBF0E1D7B375A /* Debug */ = {
			isa = XCBuildConfiguration;
			buildSettings = {
				ASSETCATALOG_COMPILER_APPICON_NAME = AppIcon;
				CODE_SIGN_ENTITLEMENTS = Recall/Resources/Recall.entitlements;
				CODE_SIGN_IDENTITY = "iPhone Developer";
				INFOPLIST_FILE = Recall/Resources/Info.plist;
				LD_RUNPATH_SEARCH_PATHS = (
					"$(inherited)",
					"@executable_path/Frameworks",
				);
				PRODUCT_BUNDLE_IDENTIFIER = com.recall.app;
				SDKROOT = iphoneos;
				SWIFT_ACTIVE_COMPILATION_CONDITIONS = DEBUG;
				SWIFT_EMIT_LOC_STRINGS = YES;
				SWIFT_OPTIMIZATION_LEVEL = "-Onone";
				TARGETED_DEVICE_FAMILY = 1;
			};
			name = Debug;
		};
		FE110EA30F10498B7CD36934 /* Release */ = {
			isa = XCBuildConfiguration;
			buildSettings = {
				ASSETCATALOG_COMPILER_APPICON_NAME = AppIcon;
				CODE_SIGN_ENTITLEMENTS = Recall/Resources/Recall.entitlements;
				CODE_SIGN_IDENTITY = "iPhone Developer";
				INFOPLIST_FILE = Recall/Resources/Info.plist;
				LD_RUNPATH_SEARCH_PATHS = (
					"$(inherited)",
					"@executable_path/Frameworks",
				);
				PRODUCT_BUNDLE_IDENTIFIER = com.recall.app;
				SDKROOT = iphoneos;
				SWIFT_EMIT_LOC_STRINGS = YES;
				SWIFT_OPTIMIZATION_LEVEL = "-O";
				TARGETED_DEVICE_FAMILY = 1;
			};
			name = Release;
		};
		FEE6DE10AC0C2D50F881F999 /* Release */ = {
			isa = XCBuildConfiguration;
			buildSettings = {
				APPLICATION_EXTENSION_API_ONLY = YES;
				CODE_SIGN_ENTITLEMENTS = RecallShareExtension/RecallShareExtension.entitlements;
				INFOPLIST_FILE = RecallShareExtension/Info.plist;
				LD_RUNPATH_SEARCH_PATHS = (
					"$(inherited)",
					"@executable_path/Frameworks",
					"@executable_path/../../Frameworks",
				);
				PRODUCT_BUNDLE_IDENTIFIER = com.recall.app.share;
				SDKROOT = iphoneos;
				SWIFT_OPTIMIZATION_LEVEL = "-O";
				TARGETED_DEVICE_FAMILY = 1;
			};
			name = Release;
		};
/* End XCBuildConfiguration section */

/* Begin XCConfigurationList section */
		64EC99EA4CA7CEC5676A7EFB /* Build configuration list for PBXNativeTarget "RecallShareExtension" */ = {
			isa = XCConfigurationList;
			buildConfigurations = (
				50EE816F8B56BA3E798BB785 /* Debug */,
				FEE6DE10AC0C2D50F881F999 /* Release */,
			);
			defaultConfigurationIsVisible = 0;
			defaultConfigurationName = Debug;
		};
		DFC1D6D2A3F8F5D85E1CB54C /* Build configuration list for PBXNativeTarget "Recall" */ = {
			isa = XCConfigurationList;
			buildConfigurations = (
				E84E3AC8F2FFBF0E1D7B375A /* Debug */,
				FE110EA30F10498B7CD36934 /* Release */,
			);
			defaultConfigurationIsVisible = 0;
			defaultConfigurationName = Debug;
		};
		F160EB2FBD6BB340B9EC6B11 /* Build configuration list for PBXProject "Recall" */ = {
			isa = XCConfigurationList;
			buildConfigurations = (
				6581C2D0C73D87341BEA84E5 /* Debug */,
				5C05BE411EE81AC9652F9F93 /* Release */,
			);
			defaultConfigurationIsVisible = 0;
			defaultConfigurationName = Debug;
		};
/* End XCConfigurationList section */
	};
	rootObject = 8B2E7D481A738D1E6488DE92 /* Project object */;
}
